{
  "name": "rowmart",
  "version": "1.0.0",
  "lockfileVersion": 3,
  "requires": true,
  "packages": {
    "": {
      "name": "rowmart",
      "version": "1.0.0",
      "license": "MIT",
      "dependencies": {
        "@rollup/rollup-linux-x64-gnu": "^4.55.1"
      }
    },
    "node_modules/@rollup/rollup-linux-x64-gnu": {
      "version": "4.55.1",
      "resolved": "https://registry.npmjs.org/@rollup/rollup-linux-x64-gnu/-/rollup-linux-x64-gnu-4.55.1.tgz",
      "integrity": "sha512-a8G4wiQxQG2BAvo+gU6XrReRRqj+pLS2NGXKm8io19goR+K8lw269eTrPkSdDTALwMmJp4th2Uh0D8J9bEV1vg==",
      "cpu": [
        "x64"
      ],
      "license": "MIT",
      "os": [
        "linux"
      ]
    }
  }
}
